// !$*UTF8*$!
{
	archiveVersion = 1;
	classes = {
	};
	objectVersion = 46;
	objects = {

/* Begin PBXBuildFile section */
		F73AE8E31DD1350A00AAEB37 /* AppDelegate.swift in Sources */ = {isa = PBXBuildFile; fileRef = F73AE8E21DD1350A00AAEB37 /* AppDelegate.swift */; };
		F73AE8E51DD1350A00AAEB37 /* ViewController.swift in Sources */ = {isa = PBXBuildFile; fileRef = F73AE8E41DD1350A00AAEB37 /* ViewController.swift */; };
		F73AE8E81DD1350A00AAEB37 /* Main.storyboard in Resources */ = {isa = PBXBuildFile; fileRef = F73AE8E61DD1350A00AAEB37 /* Main.storyboard */; };
		F73AE8EA1DD1350A00AAEB37 /* Assets.xcassets in Resources */ = {isa = PBXBuildFile; fileRef = F73AE8E91DD1350A00AAEB37 /* Assets.xcassets */; };
		F73AE8ED1DD1350A00AAEB37 /* LaunchScreen.storyboard in Resources */ = {isa = PBXBuildFile; fileRef = F73AE8EB1DD1350A00AAEB37 /* LaunchScreen.storyboard */; };
		F73AE8F51DD135F900AAEB37 /* Line.swift in Sources */ = {isa = PBXBuildFile; fileRef = F73AE8F41DD135F900AAEB37 /* Line.swift */; };
		F73AE8F71DD1378D00AAEB37 /* DrawView.swift in Sources */ = {isa = PBXBuildFile; fileRef = F73AE8F61DD1378D00AAEB37 /* DrawView.swift */; };
/* End PBXBuildFile section */

/* Begin PBXFileReference section */
		F73AE8DF1DD1350A00AAEB37 /* TouchTracker.app */ = {isa = PBXFileReference; explicitFileType = wrapper.application; includeInIndex = 0; path = TouchTracker.app; sourceTree = BUILT_PRODUCTS_DIR; };
		F73AE8E21DD1350A00AAEB37 /* AppDelegate.swift */ = {isa = PBXFileReference; lastKnownFileType = sourcecode.swift; path = AppDelegate.swift; sourceTree = "<group>"; };
		F73AE8E41DD1350A00AAEB37 /* ViewController.swift */ = {isa = PBXFileReference; lastKnownFileType = sourcecode.swift; path = ViewController.swift; sourceTree = "<group>"; };
		F73AE8E71DD1350A00AAEB37 /* Base */ = {isa = PBXFileReference; lastKnownFileType = file.storyboard; name = Base; path = Base.lproj/Main.storyboard; sourceTree = "<group>"; };
		F73AE8E91DD1350A00AAEB37 /* Assets.xcassets */ = {isa = PBXFileReference; lastKnownFileType = folder.assetcatalog; path = Assets.xcassets; sourceTree = "<group>"; };
		F73AE8EC1DD1350A00AAEB37 /* Base */ = {isa = PBXFileReference; lastKnownFileType = file.storyboard; name = Base; path = Base.lproj/LaunchScreen.storyboard; sourceTree = "<group>"; };
		F73AE8EE1DD1350A00AAEB37 /* Info.plist */ = {isa = PBXFileReference; lastKnownFileType = text.plist.xml; path = Info.plist; sourceTree = "<group>"; };
		F73AE8F41DD135F900AAEB37 /* Line.swift */ = {isa = PBXFileReference; fileEncoding = 4; lastKnownFileType = sourcecode.swift; path = Line.swift; sourceTree = "<group>"; };
		F73AE8F61DD1378D00AAEB37 /* DrawView.swift */ = {isa = PBXFileReference; fileEncoding = 4; lastKnownFileType = sourcecode.swift; path = DrawView.swift; sourceTree = "<group>"; };
/* End PBXFileReference section */

/* Begin PBXFrameworksBuildPhase section */
		F73AE8DC1DD1350A00AAEB37 /* Frameworks */ = {
			isa = PBXFrameworksBuildPhase;
			buildActionMask = 2147483647;
			files = (
			);
			runOnlyForDeploymentPostprocessing = 0;
		};
/* End PBXFrameworksBuildPhase section */

/* Begin PBXGroup section */
		F73AE8D61DD1350A00AAEB37 = {
			isa = PBXGroup;
			children = (
				F73AE8E11DD1350A00AAEB37 /* TouchTracker */,
				F73AE8E01DD1350A00AAEB37 /* Products */,
			);
			sourceTree = "<group>";
		};
		F73AE8E01DD1350A00AAEB37 /* Products */ = {
			isa = PBXGroup;
			children = (
				F73AE8DF1DD1350A00AAEB37 /* TouchTracker.app */,
			);
			name = Products;
			sourceTree = "<group>";
		};
		F73AE8E11DD1350A00AAEB37 /* TouchTracker */ = {
			isa = PBXGroup;
			children = (
				F73AE8F41DD135F900AAEB37 /* Line.swift */,
				F73AE8F61DD1378D00AAEB37 /* DrawView.swift */,
				F73AE8E41DD1350A00AAEB37 /* ViewController.swift */,
				F73AE8E21DD1350A00AAEB37 /* AppDelegate.swift */,
				F73AE8E61DD1350A00AAEB37 /* Main.storyboard */,
				F73AE8E91DD1350A00AAEB37 /* Assets.xcassets */,
				F73AE8EB1DD1350A00AAEB37 /* LaunchScreen.storyboard */,
				F73AE8EE1DD1350A00AAEB37 /* Info.plist */,
			);
			path = TouchTracker;
			sourceTree = "<group>";
		};
/* End PBXGroup section */

/* Begin PBXNativeTarget section */
		F73AE8DE1DD1350A00AAEB37 /* TouchTracker */ = {
			isa = PBXNativeTarget;
			buildConfigurationList = F73AE8F11DD1350A00AAEB37 /* Build configuration list for PBXNativeTarget "TouchTracker" */;
			buildPhases = (
				F73AE8DB1DD1350A00AAEB37 /* Sources */,
				F73AE8DC1DD1350A00AAEB37 /* Frameworks */,
				F73AE8DD1DD1350A00AAEB37 /* Resources */,
			);
			buildRules = (
			);
			dependencies = (
			);
			name = TouchTracker;
			productName = TouchTracker;
			productReference = F73AE8DF1DD1350A00AAEB37 /* TouchTracker.app */;
			productType = "com.apple.product-type.application";
		};
/* End PBXNativeTarget section */

/* Begin PBXProject section */
		F73AE8D71DD1350A00AAEB37 /* Project object */ = {
			isa = PBXProject;
			attributes = {
				LastSwiftUpdateCheck = 0800;
				LastUpgradeCheck = 0800;
				ORGANIZATIONNAME = cisstudent;
				TargetAttributes = {
					F73AE8DE1DD1350A00AAEB37 = {
						CreatedOnToolsVersion = 8.0;
						ProvisioningStyle = Automatic;
					};
				};
			};
			buildConfigurationList = F73AE8DA1DD1350A00AAEB37 /* Build configuration list for PBXProject "TouchTracker" */;
			compatibilityVersion = "Xcode 3.2";
			developmentRegion = English;
			hasScannedForEncodings = 0;
			knownRegions = (
				en,
				Base,
			);
			mainGroup = F73AE8D61DD1350A00AAEB37;
			productRefGroup = F73AE8E01DD1350A00AAEB37 /* Products */;
			projectDirPath = "";
			projectRoot = "";
			targets = (
				F73AE8DE1DD1350A00AAEB37 /* TouchTracker */,
			);
		};
/* End PBXProject section */

/* Begin PBXResourcesBuildPhase section */
		F73AE8DD1DD1350A00AAEB37 /* Resources */ = {
			isa = PBXResourcesBuildPhase;
			buildActionMask = 2147483647;
			files = (
				F73AE8ED1DD1350A00AAEB37 /* LaunchScreen.storyboard in Resources */,
				F73AE8EA1DD1350A00AAEB37 /* Assets.xcassets in Resources */,
				F73AE8E81DD1350A00AAEB37 /* Main.storyboard in Resources */,
			);
			runOnlyForDeploymentPostprocessing = 0;
		};
/* End PBXResourcesBuildPhase section */

/* Begin PBXSourcesBuildPhase section */
		F73AE8DB1DD1350A00AAEB37 /* Sources */ = {
			isa = PBXSourcesBuildPhase;
			buildActionMask = 2147483647;
			files = (
				F73AE8F51DD135F900AAEB37 /* Line.swift in Sources */,
				F73AE8E51DD1350A00AAEB37 /* ViewController.swift in Sources */,
				F73AE8F71DD1378D00AAEB37 /* DrawView.swift in Sources */,
				F73AE8E31DD1350A00AAEB37 /* AppDelegate.swift in Sources */,
			);
			runOnlyForDeploymentPostprocessing = 0;
		};
/* End PBXSourcesBuildPhase section */

/* Begin PBXVariantGroup section */
		F73AE8E61DD1350A00AAEB37 /* Main.storyboard */ = {
			isa = PBXVariantGroup;
			children = (
				F73AE8E71DD1350A00AAEB37 /* Base */,
			);
			name = Main.storyboard;
			sourceTree = "<group>";
		};
		F73AE8EB1DD1350A00AAEB37 /* LaunchScreen.storyboard */ = {
			isa = PBXVariantGroup;
			children = (
				F73AE8EC1DD1350A00AAEB37 /* Base */,
			);
			name = LaunchScreen.storyboard;
			sourceTree = "<group>";
		};
/* End PBXVariantGroup section */

/* Begin XCBuildConfiguration section */
		F73AE8EF1DD1350A00AAEB37 /* Debug */ = {
			isa = XCBuildConfiguration;
			buildSettings = {
				ALWAYS_SEARCH_USER_PATHS = NO;
				CLANG_ANALYZER_NONNULL = YES;
				CLANG_CXX_LANGUAGE_STANDARD = "gnu++0x";
				CLANG_CXX_LIBRARY = "libc++";
				CLANG_ENABLE_MODULES = YES;
				CLANG_ENABLE_OBJC_ARC = YES;
				CLANG_WARN_BOOL_CONVERSION = YES;
				CLANG_WARN_CONSTANT_CONVERSION = YES;
				CLANG_WARN_DIRECT_OBJC_ISA_USAGE = YES_ERROR;
				CLANG_WARN_DOCUMENTATION_COMMENTS = YES;
				CLANG_WARN_EMPTY_BODY = YES;
				CLANG_WARN_ENUM_CONVERSION = YES;
				CLANG_WARN_INFINITE_RECURSION = YES;
				CLANG_WARN_INT_CONVERSION = YES;
				CLANG_WARN_OBJC_ROOT_CLASS = YES_ERROR;
				CLANG_WARN_SUSPICIOUS_MOVES = YES;
				CLANG_WARN_UNREACHABLE_CODE = YES;
				CLANG_WARN__DUPLICATE_METHOD_MATCH = YES;
				"CODE_SIGN_IDENTITY[sdk=iphoneos*]" = "iPhone Developer";
				COPY_PHASE_STRIP = NO;
				DEBUG_INFORMATION_FORMAT = dwarf;
				ENABLE_STRICT_OBJC_MSGSEND = YES;
				ENABLE_TESTABILITY = YES;
				GCC_C_LANGUAGE_STANDARD = gnu99;
				GCC_DYNAMIC_NO_PIC = NO;
				GCC_NO_COMMON_BLOCKS = YES;
				GCC_OPTIMIZATION_LEVEL = 0;
				GCC_PREPROCESSOR_DEFINITIONS = (
					"DEBUG=1",
					"$(inherited)",
				);
				GCC_WARN_64_TO_32_BIT_CONVERSION = YES;
				GCC_WARN_ABOUT_RETURN_TYPE = YES_ERROR;
				GCC_WARN_UNDECLARED_SELECTOR = YES;
				GCC_WARN_UNINITIALIZED_AUTOS = YES_AGGRESSIVE;
				GCC_WARN_UNUSED_FUNCTION = YES;
				GCC_WARN_UNUSED_VARIABLE = YES;
				IPHONEOS_DEPLOYMENT_TARGET = 10.0;
				MTL_ENABLE_DEBUG_INFO = YES;
				ONLY_ACTIVE_ARCH = YES;
				SDKROOT = iphoneos;
				SWIFT_ACTIVE_COMPILATION_CONDITIONS = DEBUG;
				SWIFT_OPTIMIZATION_LEVEL = "-Onone";
				TARGETED_DEVICE_FAMILY = "1,2";
			};
			name = Debug;
		};
		F73AE8F01DD1350A00AAEB37 /* Release */ = {
			isa = XCBuildConfiguration;
			buildSettings = {
				ALWAYS_SEARCH_USER_PATHS = NO;
				CLANG_ANALYZER_NONNULL = YES;
				CLANG_CXX_LANGUAGE_STANDARD = "gnu++0x";
				CLANG_CXX_LIBRARY = "libc++";
				CLANG_ENABLE_MODULES = YES;
				CLANG_ENABLE_OBJC_ARC = YES;
				CLANG_WARN_BOOL_CONVERSION = YES;
				CLANG_WARN_CONSTANT_CONVERSION = YES;
				CLANG_WARN_DIRECT_OBJC_ISA_USAGE = YES_ERROR;
				CLANG_WARN_DOCUMENTATION_COMMENTS = YES;
				CLANG_WARN_EMPTY_BODY = YES;
				CLANG_WARN_ENUM_CONVERSION = YES;
				CLANG_WARN_INFINITE_RECURSION = YES;
				CLANG_WARN_INT_CONVERSION = YES;
				CLANG_WARN_OBJC_ROOT_CLASS = YES_ERROR;
				CLANG_WARN_SUSPICIOUS_MOVES = YES;
				CLANG_WARN_UNREACHABLE_CODE = YES;
				CLANG_WARN__DUPLICATE_METHOD_MATCH = YES;
				"CODE_SIGN_IDENTITY[sdk=iphoneos*]" = "iPhone Developer";
				COPY_PHASE_STRIP = NO;
				DEBUG_INFORMATION_FORMAT = "dwarf-with-dsym";
				ENABLE_NS_ASSERTIONS = NO;
				ENABLE_STRICT_OBJC_MSGSEND = YES;
				GCC_C_LANGUAGE_STANDARD = gnu99;
				GCC_NO_COMMON_BLOCKS = YES;
				GCC_WARN_64_TO_32_BIT_CONVERSION = YES;
				GCC_WARN_ABOUT_RETURN_TYPE = YES_ERROR;
				GCC_WARN_UNDECLARED_SELECTOR = YES;
				GCC_WARN_UNINITIALIZED_AUTOS = YES_AGGRESSIVE;
				GCC_WARN_UNUSED_FUNCTION = YES;
				GCC_WARN_UNUSED_VARIABLE = YES;
				IPHONEOS_DEPLOYMENT_TARGET = 10.0;
				MTL_ENABLE_DEBUG_INFO = NO;
				SDKROOT = iphoneos;
				SWIFT_OPTIMIZATION_LEVEL = "-Owholemodule";
				TARGETED_DEVICE_FAMILY = "1,2";
				VALIDATE_PRODUCT = YES;
			};
			name = Release;
		};
		F73AE8F21DD1350A00AAEB37 /* Debug */ = {
			isa = XCBuildConfiguration;
			buildSettings = {
				ASSETCATALOG_COMPILER_APPICON_NAME = AppIcon;
				INFOPLIST_FILE = TouchTracker/Info.plist;
				IPHONEOS_DEPLOYMENT_TARGET = 9.3;
				LD_RUNPATH_SEARCH_PATHS = "$(inherited) @executable_path/Frameworks";
				PRODUCT_BUNDLE_IDENTIFIER = smccd.TouchTracker;
				PRODUCT_NAME = "$(TARGET_NAME)";
				SWIFT_VERSION = 2.3;
			};
			name = Debug;
		};
		F73AE8F31DD1350A00AAEB37 /* Release */ = {
			isa = XCBuildConfiguration;
			buildSettings = {
				ASSETCATALOG_COMPILER_APPICON_NAME = AppIcon;
				INFOPLIST_FILE = TouchTracker/Info.plist;
				IPHONEOS_DEPLOYMENT_TARGET = 9.3;
				LD_RUNPATH_SEARCH_PATHS = "$(inherited) @executable_path/Frameworks";
				PRODUCT_BUNDLE_IDENTIFIER = smccd.TouchTracker;
				PRODUCT_NAME = "$(TARGET_NAME)";
				SWIFT_VERSION = 2.3;
			};
			name = Release;
		};
/* End XCBuildConfiguration section */

/* Begin XCConfigurationList section */
		F73AE8DA1DD1350A00AAEB37 /* Build configuration list for PBXProject "TouchTracker" */ = {
			isa = XCConfigurationList;
			buildConfigurations = (
				F73AE8EF1DD1350A00AAEB37 /* Debug */,
				F73AE8F01DD1350A00AAEB37 /* Release */,
			);
			defaultConfigurationIsVisible = 0;
			defaultConfigurationName = Release;
		};
		F73AE8F11DD1350A00AAEB37 /* Build configuration list for PBXNativeTarget "TouchTracker" */ = {
			isa = XCConfigurationList;
			buildConfigurations = (
				F73AE8F21DD1350A00AAEB37 /* Debug */,
				F73AE8F31DD1350A00AAEB37 /* Release */,
			);
			defaultConfigurationIsVisible = 0;
			defaultConfigurationName = Release;
		};
/* End XCConfigurationList section */
	};
	rootObject = F73AE8D71DD1350A00AAEB37 /* Project object */;
}
