// !$*UTF8*$!
{
	archiveVersion = 1;
	classes = {
	};
	objectVersion = 46;
	objects = {

/* Begin PBXBuildFile section */
		F7ECCF9A1DECDBB8009006F1 /* AppDelegate.swift in Sources */ = {isa = PBXBuildFile; fileRef = F7ECCF991DECDBB8009006F1 /* AppDelegate.swift */; };
		F7ECCF9C1DECDBB8009006F1 /* ViewController.swift in Sources */ = {isa = PBXBuildFile; fileRef = F7ECCF9B1DECDBB8009006F1 /* ViewController.swift */; };
		F7ECCF9F1DECDBB8009006F1 /* Main.storyboard in Resources */ = {isa = PBXBuildFile; fileRef = F7ECCF9D1DECDBB8009006F1 /* Main.storyboard */; };
		F7ECCFA11DECDBB8009006F1 /* Assets.xcassets in Resources */ = {isa = PBXBuildFile; fileRef = F7ECCFA01DECDBB8009006F1 /* Assets.xcassets */; };
		F7ECCFA41DECDBB8009006F1 /* LaunchScreen.storyboard in Resources */ = {isa = PBXBuildFile; fileRef = F7ECCFA21DECDBB8009006F1 /* LaunchScreen.storyboard */; };
		F7ECCFAC1DECE2CA009006F1 /* APIController.swift in Sources */ = {isa = PBXBuildFile; fileRef = F7ECCFAB1DECE2CA009006F1 /* APIController.swift */; };
/* End PBXBuildFile section */

/* Begin PBXFileReference section */
		F7ECCF961DECDBB8009006F1 /* UpcomingMovies.app */ = {isa = PBXFileReference; explicitFileType = wrapper.application; includeInIndex = 0; path = UpcomingMovies.app; sourceTree = BUILT_PRODUCTS_DIR; };
		F7ECCF991DECDBB8009006F1 /* AppDelegate.swift */ = {isa = PBXFileReference; lastKnownFileType = sourcecode.swift; path = AppDelegate.swift; sourceTree = "<group>"; };
		F7ECCF9B1DECDBB8009006F1 /* ViewController.swift */ = {isa = PBXFileReference; lastKnownFileType = sourcecode.swift; path = ViewController.swift; sourceTree = "<group>"; };
		F7ECCF9E1DECDBB8009006F1 /* Base */ = {isa = PBXFileReference; lastKnownFileType = file.storyboard; name = Base; path = Base.lproj/Main.storyboard; sourceTree = "<group>"; };
		F7ECCFA01DECDBB8009006F1 /* Assets.xcassets */ = {isa = PBXFileReference; lastKnownFileType = folder.assetcatalog; path = Assets.xcassets; sourceTree = "<group>"; };
		F7ECCFA31DECDBB8009006F1 /* Base */ = {isa = PBXFileReference; lastKnownFileType = file.storyboard; name = Base; path = Base.lproj/LaunchScreen.storyboard; sourceTree = "<group>"; };
		F7ECCFA51DECDBB8009006F1 /* Info.plist */ = {isa = PBXFileReference; lastKnownFileType = text.plist.xml; path = Info.plist; sourceTree = "<group>"; };
		F7ECCFAB1DECE2CA009006F1 /* APIController.swift */ = {isa = PBXFileReference; fileEncoding = 4; lastKnownFileType = sourcecode.swift; path = APIController.swift; sourceTree = "<group>"; };
/* End PBXFileReference section */

/* Begin PBXFrameworksBuildPhase section */
		F7ECCF931DECDBB8009006F1 /* Frameworks */ = {
			isa = PBXFrameworksBuildPhase;
			buildActionMask = 2147483647;
			files = (
			);
			runOnlyForDeploymentPostprocessing = 0;
		};
/* End PBXFrameworksBuildPhase section */

/* Begin PBXGroup section */
		F7ECCF8D1DECDBB8009006F1 = {
			isa = PBXGroup;
			children = (
				F7ECCF981DECDBB8009006F1 /* UpcomingMovies */,
				F7ECCF971DECDBB8009006F1 /* Products */,
			);
			sourceTree = "<group>";
		};
		F7ECCF971DECDBB8009006F1 /* Products */ = {
			isa = PBXGroup;
			children = (
				F7ECCF961DECDBB8009006F1 /* UpcomingMovies.app */,
			);
			name = Products;
			sourceTree = "<group>";
		};
		F7ECCF981DECDBB8009006F1 /* UpcomingMovies */ = {
			isa = PBXGroup;
			children = (
				F7ECCF991DECDBB8009006F1 /* AppDelegate.swift */,
				F7ECCF9B1DECDBB8009006F1 /* ViewController.swift */,
				F7ECCFAB1DECE2CA009006F1 /* APIController.swift */,
				F7ECCF9D1DECDBB8009006F1 /* Main.storyboard */,
				F7ECCFA01DECDBB8009006F1 /* Assets.xcassets */,
				F7ECCFA21DECDBB8009006F1 /* LaunchScreen.storyboard */,
				F7ECCFA51DECDBB8009006F1 /* Info.plist */,
			);
			path = UpcomingMovies;
			sourceTree = "<group>";
		};
/* End PBXGroup section */

/* Begin PBXNativeTarget section */
		F7ECCF951DECDBB8009006F1 /* UpcomingMovies */ = {
			isa = PBXNativeTarget;
			buildConfigurationList = F7ECCFA81DECDBB8009006F1 /* Build configuration list for PBXNativeTarget "UpcomingMovies" */;
			buildPhases = (
				F7ECCF921DECDBB8009006F1 /* Sources */,
				F7ECCF931DECDBB8009006F1 /* Frameworks */,
				F7ECCF941DECDBB8009006F1 /* Resources */,
			);
			buildRules = (
			);
			dependencies = (
			);
			name = UpcomingMovies;
			productName = UpcomingMovies;
			productReference = F7ECCF961DECDBB8009006F1 /* UpcomingMovies.app */;
			productType = "com.apple.product-type.application";
		};
/* End PBXNativeTarget section */

/* Begin PBXProject section */
		F7ECCF8E1DECDBB8009006F1 /* Project object */ = {
			isa = PBXProject;
			attributes = {
				LastSwiftUpdateCheck = 0800;
				LastUpgradeCheck = 0800;
				ORGANIZATIONNAME = cisstudent;
				TargetAttributes = {
					F7ECCF951DECDBB8009006F1 = {
						CreatedOnToolsVersion = 8.0;
						ProvisioningStyle = Automatic;
					};
				};
			};
			buildConfigurationList = F7ECCF911DECDBB8009006F1 /* Build configuration list for PBXProject "UpcomingMovies" */;
			compatibilityVersion = "Xcode 3.2";
			developmentRegion = English;
			hasScannedForEncodings = 0;
			knownRegions = (
				en,
				Base,
			);
			mainGroup = F7ECCF8D1DECDBB8009006F1;
			productRefGroup = F7ECCF971DECDBB8009006F1 /* Products */;
			projectDirPath = "";
			projectRoot = "";
			targets = (
				F7ECCF951DECDBB8009006F1 /* UpcomingMovies */,
			);
		};
/* End PBXProject section */

/* Begin PBXResourcesBuildPhase section */
		F7ECCF941DECDBB8009006F1 /* Resources */ = {
			isa = PBXResourcesBuildPhase;
			buildActionMask = 2147483647;
			files = (
				F7ECCFA41DECDBB8009006F1 /* LaunchScreen.storyboard in Resources */,
				F7ECCFA11DECDBB8009006F1 /* Assets.xcassets in Resources */,
				F7ECCF9F1DECDBB8009006F1 /* Main.storyboard in Resources */,
			);
			runOnlyForDeploymentPostprocessing = 0;
		};
/* End PBXResourcesBuildPhase section */

/* Begin PBXSourcesBuildPhase section */
		F7ECCF921DECDBB8009006F1 /* Sources */ = {
			isa = PBXSourcesBuildPhase;
			buildActionMask = 2147483647;
			files = (
				F7ECCF9C1DECDBB8009006F1 /* ViewController.swift in Sources */,
				F7ECCF9A1DECDBB8009006F1 /* AppDelegate.swift in Sources */,
				F7ECCFAC1DECE2CA009006F1 /* APIController.swift in Sources */,
			);
			runOnlyForDeploymentPostprocessing = 0;
		};
/* End PBXSourcesBuildPhase section */

/* Begin PBXVariantGroup section */
		F7ECCF9D1DECDBB8009006F1 /* Main.storyboard */ = {
			isa = PBXVariantGroup;
			children = (
				F7ECCF9E1DECDBB8009006F1 /* Base */,
			);
			name = Main.storyboard;
			sourceTree = "<group>";
		};
		F7ECCFA21DECDBB8009006F1 /* LaunchScreen.storyboard */ = {
			isa = PBXVariantGroup;
			children = (
				F7ECCFA31DECDBB8009006F1 /* Base */,
			);
			name = LaunchScreen.storyboard;
			sourceTree = "<group>";
		};
/* End PBXVariantGroup section */

/* Begin XCBuildConfiguration section */
		F7ECCFA61DECDBB8009006F1 /* Debug */ = {
			isa = XCBuildConfiguration;
			buildSettings = {
				ALWAYS_SEARCH_USER_PATHS = NO;
				CLANG_ANALYZER_NONNULL = YES;
				CLANG_CXX_LANGUAGE_STANDARD = "gnu++0x";
				CLANG_CXX_LIBRARY = "libc++";
				CLANG_ENABLE_MODULES = YES;
				CLANG_ENABLE_OBJC_ARC = YES;
				CLANG_WARN_BOOL_CONVERSION = YES;
				CLANG_WARN_CONSTANT_CONVERSION = YES;
				CLANG_WARN_DIRECT_OBJC_ISA_USAGE = YES_ERROR;
				CLANG_WARN_DOCUMENTATION_COMMENTS = YES;
				CLANG_WARN_EMPTY_BODY = YES;
				CLANG_WARN_ENUM_CONVERSION = YES;
				CLANG_WARN_INFINITE_RECURSION = YES;
				CLANG_WARN_INT_CONVERSION = YES;
				CLANG_WARN_OBJC_ROOT_CLASS = YES_ERROR;
				CLANG_WARN_SUSPICIOUS_MOVES = YES;
				CLANG_WARN_UNREACHABLE_CODE = YES;
				CLANG_WARN__DUPLICATE_METHOD_MATCH = YES;
				"CODE_SIGN_IDENTITY[sdk=iphoneos*]" = "iPhone Developer";
				COPY_PHASE_STRIP = NO;
				DEBUG_INFORMATION_FORMAT = dwarf;
				ENABLE_STRICT_OBJC_MSGSEND = YES;
				ENABLE_TESTABILITY = YES;
				GCC_C_LANGUAGE_STANDARD = gnu99;
				GCC_DYNAMIC_NO_PIC = NO;
				GCC_NO_COMMON_BLOCKS = YES;
				GCC_OPTIMIZATION_LEVEL = 0;
				GCC_PREPROCESSOR_DEFINITIONS = (
					"DEBUG=1",
					"$(inherited)",
				);
				GCC_WARN_64_TO_32_BIT_CONVERSION = YES;
				GCC_WARN_ABOUT_RETURN_TYPE = YES_ERROR;
				GCC_WARN_UNDECLARED_SELECTOR = YES;
				GCC_WARN_UNINITIALIZED_AUTOS = YES_AGGRESSIVE;
				GCC_WARN_UNUSED_FUNCTION = YES;
				GCC_WARN_UNUSED_VARIABLE = YES;
				IPHONEOS_DEPLOYMENT_TARGET = 10.0;
				MTL_ENABLE_DEBUG_INFO = YES;
				ONLY_ACTIVE_ARCH = YES;
				SDKROOT = iphoneos;
				SWIFT_ACTIVE_COMPILATION_CONDITIONS = DEBUG;
				SWIFT_OPTIMIZATION_LEVEL = "-Onone";
				TARGETED_DEVICE_FAMILY = "1,2";
			};
			name = Debug;
		};
		F7ECCFA71DECDBB8009006F1 /* Release */ = {
			isa = XCBuildConfiguration;
			buildSettings = {
				ALWAYS_SEARCH_USER_PATHS = NO;
				CLANG_ANALYZER_NONNULL = YES;
				CLANG_CXX_LANGUAGE_STANDARD = "gnu++0x";
				CLANG_CXX_LIBRARY = "libc++";
				CLANG_ENABLE_MODULES = YES;
				CLANG_ENABLE_OBJC_ARC = YES;
				CLANG_WARN_BOOL_CONVERSION = YES;
				CLANG_WARN_CONSTANT_CONVERSION = YES;
				CLANG_WARN_DIRECT_OBJC_ISA_USAGE = YES_ERROR;
				CLANG_WARN_DOCUMENTATION_COMMENTS = YES;
				CLANG_WARN_EMPTY_BODY = YES;
				CLANG_WARN_ENUM_CONVERSION = YES;
				CLANG_WARN_INFINITE_RECURSION = YES;
				CLANG_WARN_INT_CONVERSION = YES;
				CLANG_WARN_OBJC_ROOT_CLASS = YES_ERROR;
				CLANG_WARN_SUSPICIOUS_MOVES = YES;
				CLANG_WARN_UNREACHABLE_CODE = YES;
				CLANG_WARN__DUPLICATE_METHOD_MATCH = YES;
				"CODE_SIGN_IDENTITY[sdk=iphoneos*]" = "iPhone Developer";
				COPY_PHASE_STRIP = NO;
				DEBUG_INFORMATION_FORMAT = "dwarf-with-dsym";
				ENABLE_NS_ASSERTIONS = NO;
				ENABLE_STRICT_OBJC_MSGSEND = YES;
				GCC_C_LANGUAGE_STANDARD = gnu99;
				GCC_NO_COMMON_BLOCKS = YES;
				GCC_WARN_64_TO_32_BIT_CONVERSION = YES;
				GCC_WARN_ABOUT_RETURN_TYPE = YES_ERROR;
				GCC_WARN_UNDECLARED_SELECTOR = YES;
				GCC_WARN_UNINITIALIZED_AUTOS = YES_AGGRESSIVE;
				GCC_WARN_UNUSED_FUNCTION = YES;
				GCC_WARN_UNUSED_VARIABLE = YES;
				IPHONEOS_DEPLOYMENT_TARGET = 10.0;
				MTL_ENABLE_DEBUG_INFO = NO;
				SDKROOT = iphoneos;
				SWIFT_OPTIMIZATION_LEVEL = "-Owholemodule";
				TARGETED_DEVICE_FAMILY = "1,2";
				VALIDATE_PRODUCT = YES;
			};
			name = Release;
		};
		F7ECCFA91DECDBB8009006F1 /* Debug */ = {
			isa = XCBuildConfiguration;
			buildSettings = {
				ASSETCATALOG_COMPILER_APPICON_NAME = AppIcon;
				INFOPLIST_FILE = UpcomingMovies/Info.plist;
				IPHONEOS_DEPLOYMENT_TARGET = 9.0;
				LD_RUNPATH_SEARCH_PATHS = "$(inherited) @executable_path/Frameworks";
				PRODUCT_BUNDLE_IDENTIFIER = smccd.UpcomingMovies;
				PRODUCT_NAME = "$(TARGET_NAME)";
				SWIFT_VERSION = 2.3;
			};
			name = Debug;
		};
		F7ECCFAA1DECDBB8009006F1 /* Release */ = {
			isa = XCBuildConfiguration;
			buildSettings = {
				ASSETCATALOG_COMPILER_APPICON_NAME = AppIcon;
				INFOPLIST_FILE = UpcomingMovies/Info.plist;
				IPHONEOS_DEPLOYMENT_TARGET = 9.0;
				LD_RUNPATH_SEARCH_PATHS = "$(inherited) @executable_path/Frameworks";
				PRODUCT_BUNDLE_IDENTIFIER = smccd.UpcomingMovies;
				PRODUCT_NAME = "$(TARGET_NAME)";
				SWIFT_VERSION = 2.3;
			};
			name = Release;
		};
/* End XCBuildConfiguration section */

/* Begin XCConfigurationList section */
		F7ECCF911DECDBB8009006F1 /* Build configuration list for PBXProject "UpcomingMovies" */ = {
			isa = XCConfigurationList;
			buildConfigurations = (
				F7ECCFA61DECDBB8009006F1 /* Debug */,
				F7ECCFA71DECDBB8009006F1 /* Release */,
			);
			defaultConfigurationIsVisible = 0;
			defaultConfigurationName = Release;
		};
		F7ECCFA81DECDBB8009006F1 /* Build configuration list for PBXNativeTarget "UpcomingMovies" */ = {
			isa = XCConfigurationList;
			buildConfigurations = (
				F7ECCFA91DECDBB8009006F1 /* Debug */,
				F7ECCFAA1DECDBB8009006F1 /* Release */,
			);
			defaultConfigurationIsVisible = 0;
			defaultConfigurationName = Release;
		};
/* End XCConfigurationList section */
	};
	rootObject = F7ECCF8E1DECDBB8009006F1 /* Project object */;
}
